// !$*UTF8*$!
{
	archiveVersion = 1;
	classes = {
	};
	objectVersion = 46;
	objects = {

/* Begin PBXBuildFile section */
		647784531DCAAB0700F2922D /* HomeController.swift in Sources */ = {isa = PBXBuildFile; fileRef = 647784521DCAAB0700F2922D /* HomeController.swift */; };
		64D0957E1DCAE0000057B715 /* Escola.swift in Sources */ = {isa = PBXBuildFile; fileRef = 64D0957D1DCAE0000057B715 /* Escola.swift */; };
		64D095801DCAE3FF0057B715 /* EscolaStore.swift in Sources */ = {isa = PBXBuildFile; fileRef = 64D0957F1DCAE3FF0057B715 /* EscolaStore.swift */; };
		64DCF4391DC821D7007CC9D5 /* AppDelegate.swift in Sources */ = {isa = PBXBuildFile; fileRef = 64DCF4381DC821D7007CC9D5 /* AppDelegate.swift */; };
		64DCF43E1DC821D7007CC9D5 /* Main.storyboard in Resources */ = {isa = PBXBuildFile; fileRef = 64DCF43C1DC821D7007CC9D5 /* Main.storyboard */; };
		64DCF4411DC821D7007CC9D5 /* civicoEscolar.xcdatamodeld in Sources */ = {isa = PBXBuildFile; fileRef = 64DCF43F1DC821D7007CC9D5 /* civicoEscolar.xcdatamodeld */; };
		64DCF4431DC821D7007CC9D5 /* Assets.xcassets in Resources */ = {isa = PBXBuildFile; fileRef = 64DCF4421DC821D7007CC9D5 /* Assets.xcassets */; };
		64DCF4461DC821D7007CC9D5 /* LaunchScreen.storyboard in Resources */ = {isa = PBXBuildFile; fileRef = 64DCF4441DC821D7007CC9D5 /* LaunchScreen.storyboard */; };
		64DCF4501DC829A4007CC9D5 /* BuscaController.swift in Sources */ = {isa = PBXBuildFile; fileRef = 64DCF44F1DC829A4007CC9D5 /* BuscaController.swift */; };
/* End PBXBuildFile section */

/* Begin PBXFileReference section */
		647784521DCAAB0700F2922D /* HomeController.swift */ = {isa = PBXFileReference; fileEncoding = 4; lastKnownFileType = sourcecode.swift; path = HomeController.swift; sourceTree = "<group>"; };
		64D0957D1DCAE0000057B715 /* Escola.swift */ = {isa = PBXFileReference; fileEncoding = 4; lastKnownFileType = sourcecode.swift; path = Escola.swift; sourceTree = "<group>"; };
		64D0957F1DCAE3FF0057B715 /* EscolaStore.swift */ = {isa = PBXFileReference; fileEncoding = 4; lastKnownFileType = sourcecode.swift; path = EscolaStore.swift; sourceTree = "<group>"; };
		64DCF4351DC821D7007CC9D5 /* civicoEscolar.app */ = {isa = PBXFileReference; explicitFileType = wrapper.application; includeInIndex = 0; path = civicoEscolar.app; sourceTree = BUILT_PRODUCTS_DIR; };
		64DCF4381DC821D7007CC9D5 /* AppDelegate.swift */ = {isa = PBXFileReference; lastKnownFileType = sourcecode.swift; path = AppDelegate.swift; sourceTree = "<group>"; };
		64DCF43D1DC821D7007CC9D5 /* Base */ = {isa = PBXFileReference; lastKnownFileType = file.storyboard; name = Base; path = Base.lproj/Main.storyboard; sourceTree = "<group>"; };
		64DCF4401DC821D7007CC9D5 /* civicoEscolar.xcdatamodel */ = {isa = PBXFileReference; lastKnownFileType = wrapper.xcdatamodel; path = civicoEscolar.xcdatamodel; sourceTree = "<group>"; };
		64DCF4421DC821D7007CC9D5 /* Assets.xcassets */ = {isa = PBXFileReference; lastKnownFileType = folder.assetcatalog; path = Assets.xcassets; sourceTree = "<group>"; };
		64DCF4451DC821D7007CC9D5 /* Base */ = {isa = PBXFileReference; lastKnownFileType = file.storyboard; name = Base; path = Base.lproj/LaunchScreen.storyboard; sourceTree = "<group>"; };
		64DCF4471DC821D7007CC9D5 /* Info.plist */ = {isa = PBXFileReference; lastKnownFileType = text.plist.xml; path = Info.plist; sourceTree = "<group>"; };
		64DCF44F1DC829A4007CC9D5 /* BuscaController.swift */ = {isa = PBXFileReference; fileEncoding = 4; lastKnownFileType = sourcecode.swift; path = BuscaController.swift; sourceTree = "<group>"; };
/* End PBXFileReference section */

/* Begin PBXFrameworksBuildPhase section */
		64DCF4321DC821D7007CC9D5 /* Frameworks */ = {
			isa = PBXFrameworksBuildPhase;
			buildActionMask = 2147483647;
			files = (
			);
			runOnlyForDeploymentPostprocessing = 0;
		};
/* End PBXFrameworksBuildPhase section */

/* Begin PBXGroup section */
		647784541DCAAC8000F2922D /* Controller */ = {
			isa = PBXGroup;
			children = (
				64DCF44F1DC829A4007CC9D5 /* BuscaController.swift */,
				647784521DCAAB0700F2922D /* HomeController.swift */,
			);
			name = Controller;
			sourceTree = "<group>";
		};
		64D0957C1DCADFF50057B715 /* Model */ = {
			isa = PBXGroup;
			children = (
				64D0957D1DCAE0000057B715 /* Escola.swift */,
				64D0957F1DCAE3FF0057B715 /* EscolaStore.swift */,
			);
			name = Model;
			sourceTree = "<group>";
		};
		64DCF42C1DC821D7007CC9D5 = {
			isa = PBXGroup;
			children = (
				64DCF4371DC821D7007CC9D5 /* civicoEscolar */,
				64DCF4361DC821D7007CC9D5 /* Products */,
			);
			sourceTree = "<group>";
		};
		64DCF4361DC821D7007CC9D5 /* Products */ = {
			isa = PBXGroup;
			children = (
				64DCF4351DC821D7007CC9D5 /* civicoEscolar.app */,
			);
			name = Products;
			sourceTree = "<group>";
		};
		64DCF4371DC821D7007CC9D5 /* civicoEscolar */ = {
			isa = PBXGroup;
			children = (
				64D0957C1DCADFF50057B715 /* Model */,
				647784541DCAAC8000F2922D /* Controller */,
				64DCF4381DC821D7007CC9D5 /* AppDelegate.swift */,
				64DCF43C1DC821D7007CC9D5 /* Main.storyboard */,
				64DCF4421DC821D7007CC9D5 /* Assets.xcassets */,
				64DCF4441DC821D7007CC9D5 /* LaunchScreen.storyboard */,
				64DCF4471DC821D7007CC9D5 /* Info.plist */,
				64DCF43F1DC821D7007CC9D5 /* civicoEscolar.xcdatamodeld */,
			);
			path = civicoEscolar;
			sourceTree = "<group>";
		};
/* End PBXGroup section */

/* Begin PBXNativeTarget section */
		64DCF4341DC821D7007CC9D5 /* civicoEscolar */ = {
			isa = PBXNativeTarget;
			buildConfigurationList = 64DCF44A1DC821D7007CC9D5 /* Build configuration list for PBXNativeTarget "civicoEscolar" */;
			buildPhases = (
				64DCF4311DC821D7007CC9D5 /* Sources */,
				64DCF4321DC821D7007CC9D5 /* Frameworks */,
				64DCF4331DC821D7007CC9D5 /* Resources */,
			);
			buildRules = (
			);
			dependencies = (
			);
			name = civicoEscolar;
			productName = civicoEscolar;
			productReference = 64DCF4351DC821D7007CC9D5 /* civicoEscolar.app */;
			productType = "com.apple.product-type.application";
		};
/* End PBXNativeTarget section */

/* Begin PBXProject section */
		64DCF42D1DC821D7007CC9D5 /* Project object */ = {
			isa = PBXProject;
			attributes = {
				LastSwiftUpdateCheck = 0800;
				LastUpgradeCheck = 0800;
				ORGANIZATIONNAME = "Thiago Vinhote";
				TargetAttributes = {
					64DCF4341DC821D7007CC9D5 = {
						CreatedOnToolsVersion = 8.0;
						DevelopmentTeam = 533ZC86QCL;
						ProvisioningStyle = Automatic;
					};
				};
			};
			buildConfigurationList = 64DCF4301DC821D7007CC9D5 /* Build configuration list for PBXProject "civicoEscolar" */;
			compatibilityVersion = "Xcode 3.2";
			developmentRegion = English;
			hasScannedForEncodings = 0;
			knownRegions = (
				en,
				Base,
			);
			mainGroup = 64DCF42C1DC821D7007CC9D5;
			productRefGroup = 64DCF4361DC821D7007CC9D5 /* Products */;
			projectDirPath = "";
			projectRoot = "";
			targets = (
				64DCF4341DC821D7007CC9D5 /* civicoEscolar */,
			);
		};
/* End PBXProject section */

/* Begin PBXResourcesBuildPhase section */
		64DCF4331DC821D7007CC9D5 /* Resources */ = {
			isa = PBXResourcesBuildPhase;
			buildActionMask = 2147483647;
			files = (
				64DCF4461DC821D7007CC9D5 /* LaunchScreen.storyboard in Resources */,
				64DCF4431DC821D7007CC9D5 /* Assets.xcassets in Resources */,
				64DCF43E1DC821D7007CC9D5 /* Main.storyboard in Resources */,
			);
			runOnlyForDeploymentPostprocessing = 0;
		};
/* End PBXResourcesBuildPhase section */

/* Begin PBXSourcesBuildPhase section */
		64DCF4311DC821D7007CC9D5 /* Sources */ = {
			isa = PBXSourcesBuildPhase;
			buildActionMask = 2147483647;
			files = (
				647784531DCAAB0700F2922D /* HomeController.swift in Sources */,
				64D0957E1DCAE0000057B715 /* Escola.swift in Sources */,
				64DCF4411DC821D7007CC9D5 /* civicoEscolar.xcdatamodeld in Sources */,
				64DCF4391DC821D7007CC9D5 /* AppDelegate.swift in Sources */,
				64D095801DCAE3FF0057B715 /* EscolaStore.swift in Sources */,
				64DCF4501DC829A4007CC9D5 /* BuscaController.swift in Sources */,
			);
			runOnlyForDeploymentPostprocessing = 0;
		};
/* End PBXSourcesBuildPhase section */

/* Begin PBXVariantGroup section */
		64DCF43C1DC821D7007CC9D5 /* Main.storyboard */ = {
			isa = PBXVariantGroup;
			children = (
				64DCF43D1DC821D7007CC9D5 /* Base */,
			);
			name = Main.storyboard;
			sourceTree = "<group>";
		};
		64DCF4441DC821D7007CC9D5 /* LaunchScreen.storyboard */ = {
			isa = PBXVariantGroup;
			children = (
				64DCF4451DC821D7007CC9D5 /* Base */,
			);
			name = LaunchScreen.storyboard;
			sourceTree = "<group>";
		};
/* End PBXVariantGroup section */

/* Begin XCBuildConfiguration section */
		64DCF4481DC821D7007CC9D5 /* Debug */ = {
			isa = XCBuildConfiguration;
			buildSettings = {
				ALWAYS_SEARCH_USER_PATHS = NO;
				CLANG_ANALYZER_NONNULL = YES;
				CLANG_CXX_LANGUAGE_STANDARD = "gnu++0x";
				CLANG_CXX_LIBRARY = "libc++";
				CLANG_ENABLE_MODULES = YES;
				CLANG_ENABLE_OBJC_ARC = YES;
				CLANG_WARN_BOOL_CONVERSION = YES;
				CLANG_WARN_CONSTANT_CONVERSION = YES;
				CLANG_WARN_DIRECT_OBJC_ISA_USAGE = YES_ERROR;
				CLANG_WARN_DOCUMENTATION_COMMENTS = YES;
				CLANG_WARN_EMPTY_BODY = YES;
				CLANG_WARN_ENUM_CONVERSION = YES;
				CLANG_WARN_INFINITE_RECURSION = YES;
				CLANG_WARN_INT_CONVERSION = YES;
				CLANG_WARN_OBJC_ROOT_CLASS = YES_ERROR;
				CLANG_WARN_SUSPICIOUS_MOVES = YES;
				CLANG_WARN_UNREACHABLE_CODE = YES;
				CLANG_WARN__DUPLICATE_METHOD_MATCH = YES;
				"CODE_SIGN_IDENTITY[sdk=iphoneos*]" = "iPhone Developer";
				COPY_PHASE_STRIP = NO;
				DEBUG_INFORMATION_FORMAT = dwarf;
				ENABLE_STRICT_OBJC_MSGSEND = YES;
				ENABLE_TESTABILITY = YES;
				GCC_C_LANGUAGE_STANDARD = gnu99;
				GCC_DYNAMIC_NO_PIC = NO;
				GCC_NO_COMMON_BLOCKS = YES;
				GCC_OPTIMIZATION_LEVEL = 0;
				GCC_PREPROCESSOR_DEFINITIONS = (
					"DEBUG=1",
					"$(inherited)",
				);
				GCC_WARN_64_TO_32_BIT_CONVERSION = YES;
				GCC_WARN_ABOUT_RETURN_TYPE = YES_ERROR;
				GCC_WARN_UNDECLARED_SELECTOR = YES;
				GCC_WARN_UNINITIALIZED_AUTOS = YES_AGGRESSIVE;
				GCC_WARN_UNUSED_FUNCTION = YES;
				GCC_WARN_UNUSED_VARIABLE = YES;
				IPHONEOS_DEPLOYMENT_TARGET = 10.0;
				MTL_ENABLE_DEBUG_INFO = YES;
				ONLY_ACTIVE_ARCH = YES;
				SDKROOT = iphoneos;
				SWIFT_ACTIVE_COMPILATION_CONDITIONS = DEBUG;
				SWIFT_OPTIMIZATION_LEVEL = "-Onone";
			};
			name = Debug;
		};
		64DCF4491DC821D7007CC9D5 /* Release */ = {
			isa = XCBuildConfiguration;
			buildSettings = {
				ALWAYS_SEARCH_USER_PATHS = NO;
				CLANG_ANALYZER_NONNULL = YES;
				CLANG_CXX_LANGUAGE_STANDARD = "gnu++0x";
				CLANG_CXX_LIBRARY = "libc++";
				CLANG_ENABLE_MODULES = YES;
				CLANG_ENABLE_OBJC_ARC = YES;
				CLANG_WARN_BOOL_CONVERSION = YES;
				CLANG_WARN_CONSTANT_CONVERSION = YES;
				CLANG_WARN_DIRECT_OBJC_ISA_USAGE = YES_ERROR;
				CLANG_WARN_DOCUMENTATION_COMMENTS = YES;
				CLANG_WARN_EMPTY_BODY = YES;
				CLANG_WARN_ENUM_CONVERSION = YES;
				CLANG_WARN_INFINITE_RECURSION = YES;
				CLANG_WARN_INT_CONVERSION = YES;
				CLANG_WARN_OBJC_ROOT_CLASS = YES_ERROR;
				CLANG_WARN_SUSPICIOUS_MOVES = YES;
				CLANG_WARN_UNREACHABLE_CODE = YES;
				CLANG_WARN__DUPLICATE_METHOD_MATCH = YES;
				"CODE_SIGN_IDENTITY[sdk=iphoneos*]" = "iPhone Developer";
				COPY_PHASE_STRIP = NO;
				DEBUG_INFORMATION_FORMAT = "dwarf-with-dsym";
				ENABLE_NS_ASSERTIONS = NO;
				ENABLE_STRICT_OBJC_MSGSEND = YES;
				GCC_C_LANGUAGE_STANDARD = gnu99;
				GCC_NO_COMMON_BLOCKS = YES;
				GCC_WARN_64_TO_32_BIT_CONVERSION = YES;
				GCC_WARN_ABOUT_RETURN_TYPE = YES_ERROR;
				GCC_WARN_UNDECLARED_SELECTOR = YES;
				GCC_WARN_UNINITIALIZED_AUTOS = YES_AGGRESSIVE;
				GCC_WARN_UNUSED_FUNCTION = YES;
				GCC_WARN_UNUSED_VARIABLE = YES;
				IPHONEOS_DEPLOYMENT_TARGET = 10.0;
				MTL_ENABLE_DEBUG_INFO = NO;
				SDKROOT = iphoneos;
				SWIFT_OPTIMIZATION_LEVEL = "-Owholemodule";
				VALIDATE_PRODUCT = YES;
			};
			name = Release;
		};
		64DCF44B1DC821D7007CC9D5 /* Debug */ = {
			isa = XCBuildConfiguration;
			buildSettings = {
				ASSETCATALOG_COMPILER_APPICON_NAME = AppIcon;
				DEVELOPMENT_TEAM = 533ZC86QCL;
				INFOPLIST_FILE = civicoEscolar/Info.plist;
				LD_RUNPATH_SEARCH_PATHS = "$(inherited) @executable_path/Frameworks";
				PRODUCT_BUNDLE_IDENTIFIER = br.com.teamdavt.civicoEscolar;
				PRODUCT_NAME = "$(TARGET_NAME)";
				SWIFT_VERSION = 3.0;
			};
			name = Debug;
		};
		64DCF44C1DC821D7007CC9D5 /* Release */ = {
			isa = XCBuildConfiguration;
			buildSettings = {
				ASSETCATALOG_COMPILER_APPICON_NAME = AppIcon;
				DEVELOPMENT_TEAM = 533ZC86QCL;
				INFOPLIST_FILE = civicoEscolar/Info.plist;
				LD_RUNPATH_SEARCH_PATHS = "$(inherited) @executable_path/Frameworks";
				PRODUCT_BUNDLE_IDENTIFIER = br.com.teamdavt.civicoEscolar;
				PRODUCT_NAME = "$(TARGET_NAME)";
				SWIFT_VERSION = 3.0;
			};
			name = Release;
		};
/* End XCBuildConfiguration section */

/* Begin XCConfigurationList section */
		64DCF4301DC821D7007CC9D5 /* Build configuration list for PBXProject "civicoEscolar" */ = {
			isa = XCConfigurationList;
			buildConfigurations = (
				64DCF4481DC821D7007CC9D5 /* Debug */,
				64DCF4491DC821D7007CC9D5 /* Release */,
			);
			defaultConfigurationIsVisible = 0;
			defaultConfigurationName = Release;
		};
		64DCF44A1DC821D7007CC9D5 /* Build configuration list for PBXNativeTarget "civicoEscolar" */ = {
			isa = XCConfigurationList;
			buildConfigurations = (
				64DCF44B1DC821D7007CC9D5 /* Debug */,
				64DCF44C1DC821D7007CC9D5 /* Release */,
			);
			defaultConfigurationIsVisible = 0;
			defaultConfigurationName = Release;
		};
/* End XCConfigurationList section */

/* Begin XCVersionGroup section */
		64DCF43F1DC821D7007CC9D5 /* civicoEscolar.xcdatamodeld */ = {
			isa = XCVersionGroup;
			children = (
				64DCF4401DC821D7007CC9D5 /* civicoEscolar.xcdatamodel */,
			);
			currentVersion = 64DCF4401DC821D7007CC9D5 /* civicoEscolar.xcdatamodel */;
			path = civicoEscolar.xcdatamodeld;
			sourceTree = "<group>";
			versionGroupType = wrapper.xcdatamodel;
		};
/* End XCVersionGroup section */
	};
	rootObject = 64DCF42D1DC821D7007CC9D5 /* Project object */;
}
